
Microsoft Visual Studio Solution File, Format Version 12.00
# Visual Studio Version 17
VisualStudioVersion = 17.2.32519.379
MinimumVisualStudioVersion = 10.0.40219.1
Project("{FAE04EC0-301F-11D3-BF4B-00C04F79EFBC}") = "Tutorial", "Tutorial\Tutorial.csproj", "{7B6926DE-C962-4C55-8FA7-AAF97FA47803}"
EndProject
Global
	GlobalSection(SolutionConfigurationPlatforms) = preSolution
		Debug|Any CPU = Debug|Any CPU
		Release|Any CPU = Release|Any CPU
	EndGlobalSection
	GlobalSection(ProjectConfigurationPlatforms) = postSolution
		{7B6926DE-C962-4C55-8FA7-AAF97FA47803}.Debug|Any CPU.ActiveCfg = Debug|Any CPU
		{7B6926DE-C962-4C55-8FA7-AAF97FA47803}.Debug|Any CPU.Build.0 = Debug|Any CPU
		{7B6926DE-C962-4C55-8FA7-AAF97FA47803}.Release|Any CPU.ActiveCfg = Release|Any CPU
		{7B6926DE-C962-4C55-8FA7-AAF97FA47803}.Release|Any CPU.Build.0 = Release|Any CPU
	EndGlobalSection
	GlobalSection(SolutionProperties) = preSolution
		HideSolutionNode = FALSE
	EndGlobalSection
	GlobalSection(ExtensibilityGlobals) = postSolution
		SolutionGuid = {8892C02E-0619-4EC4-920E-C706DD4CDEDC}
	EndGlobalSection
EndGlobal
